
Microsoft Visual Studio Solution File, Format Version 12.00
# Visual Studio Version 17
VisualStudioVersion = 17.7.34024.191
MinimumVisualStudioVersion = 10.0.40219.1
Project("{2150E333-8FDC-42A3-9474-1A3956D46DE8}") = "MicroServices", "MicroServices", "{C9B5A931-C846-420B-865F-D1D6C3015E18}"
EndProject
Project("{2150E333-8FDC-42A3-9474-1A3956D46DE8}") = "Domain", "Domain", "{81CFBC4F-A6E3-410F-97CB-EB3447B57B3D}"
EndProject
Project("{2150E333-8FDC-42A3-9474-1A3956D46DE8}") = "Infra.Bus", "Infra.Bus", "{4792B90D-79F1-45D3-8D1C-840E8A433237}"
EndProject
Project("{2150E333-8FDC-42A3-9474-1A3956D46DE8}") = "Infra.IoC", "Infra.IoC", "{D9790171-5508-444B-A88B-44CF11AA3088}"
EndProject
Project("{2150E333-8FDC-42A3-9474-1A3956D46DE8}") = "Presentation", "Presentation", "{D32811C7-38EA-48B7-9414-7A7BACD340F7}"
EndProject
Project("{9A19103F-16F7-4668-BE54-9A1E7A4F7556}") = "MicroRabbit.Domain.Core", "MicroRabbit.Domain.Core\MicroRabbit.Domain.Core.csproj", "{04920C97-0E70-4FF9-A799-F9765F57E65E}"
EndProject
Project("{9A19103F-16F7-4668-BE54-9A1E7A4F7556}") = "MicroRabbit.Infra.Bus", "MicroRabbit.Infra.Bus\MicroRabbit.Infra.Bus.csproj", "{1093B771-4686-4620-909D-0996701F31CE}"
EndProject
Project("{9A19103F-16F7-4668-BE54-9A1E7A4F7556}") = "MicroRabbit.Infra.IoC", "MicroRabbit.Infra.IoC\MicroRabbit.Infra.IoC.csproj", "{79ACE8A1-D19F-4DC8-B84A-09321406875C}"
EndProject
Project("{2150E333-8FDC-42A3-9474-1A3956D46DE8}") = "Banking", "Banking", "{0B69D1BB-1976-45A3-BC62-4B08B413B806}"
EndProject
Project("{2150E333-8FDC-42A3-9474-1A3956D46DE8}") = "Api", "Api", "{3BC0CF0B-E49A-47A8-ADC6-21DC2E9AA999}"
EndProject
Project("{2150E333-8FDC-42A3-9474-1A3956D46DE8}") = "Domain", "Domain", "{3CDF0F29-7D7C-4207-9A46-C8BC76E12832}"
EndProject
Project("{2150E333-8FDC-42A3-9474-1A3956D46DE8}") = "Application", "Application", "{3DCDD3A8-701E-41B4-AE6F-7F6458FB29FF}"
EndProject
Project("{2150E333-8FDC-42A3-9474-1A3956D46DE8}") = "Data", "Data", "{BA91350D-562A-46A9-B005-AAA7F28CFCA5}"
EndProject
Project("{FAE04EC0-301F-11D3-BF4B-00C04F79EFBC}") = "MicroRabbit.Banking.Api", "Banking\Api\MicroRabbit.Banking.Api\MicroRabbit.Banking.Api.csproj", "{7903DADC-FBEF-4EAB-9081-477089E0613E}"
EndProject
Project("{FAE04EC0-301F-11D3-BF4B-00C04F79EFBC}") = "MicroRabbit.Banking.Application", "MicroRabbit.Banking.Application\MicroRabbit.Banking.Application.csproj", "{832B55E8-DD92-4CBD-AEC7-C9774D25EA65}"
EndProject
Project("{FAE04EC0-301F-11D3-BF4B-00C04F79EFBC}") = "MicroRabbit.Banking.Data", "MicroRabbit.Banking.Data\MicroRabbit.Banking.Data.csproj", "{997D5885-9E89-4C4B-923A-B9ADEDBB9151}"
EndProject
Project("{FAE04EC0-301F-11D3-BF4B-00C04F79EFBC}") = "MicroRabbit.Banking.Domain", "MicroRabbit.Banking.Domain\MicroRabbit.Banking.Domain.csproj", "{9604647B-104B-494D-ABE8-27D509159A7D}"
EndProject
Global
	GlobalSection(SolutionConfigurationPlatforms) = preSolution
		Debug|Any CPU = Debug|Any CPU
		Release|Any CPU = Release|Any CPU
	EndGlobalSection
	GlobalSection(ProjectConfigurationPlatforms) = postSolution
		{04920C97-0E70-4FF9-A799-F9765F57E65E}.Debug|Any CPU.ActiveCfg = Debug|Any CPU
		{04920C97-0E70-4FF9-A799-F9765F57E65E}.Debug|Any CPU.Build.0 = Debug|Any CPU
		{04920C97-0E70-4FF9-A799-F9765F57E65E}.Release|Any CPU.ActiveCfg = Release|Any CPU
		{04920C97-0E70-4FF9-A799-F9765F57E65E}.Release|Any CPU.Build.0 = Release|Any CPU
		{1093B771-4686-4620-909D-0996701F31CE}.Debug|Any CPU.ActiveCfg = Debug|Any CPU
		{1093B771-4686-4620-909D-0996701F31CE}.Debug|Any CPU.Build.0 = Debug|Any CPU
		{1093B771-4686-4620-909D-0996701F31CE}.Release|Any CPU.ActiveCfg = Release|Any CPU
		{1093B771-4686-4620-909D-0996701F31CE}.Release|Any CPU.Build.0 = Release|Any CPU
		{79ACE8A1-D19F-4DC8-B84A-09321406875C}.Debug|Any CPU.ActiveCfg = Debug|Any CPU
		{79ACE8A1-D19F-4DC8-B84A-09321406875C}.Debug|Any CPU.Build.0 = Debug|Any CPU
		{79ACE8A1-D19F-4DC8-B84A-09321406875C}.Release|Any CPU.ActiveCfg = Release|Any CPU
		{79ACE8A1-D19F-4DC8-B84A-09321406875C}.Release|Any CPU.Build.0 = Release|Any CPU
		{7903DADC-FBEF-4EAB-9081-477089E0613E}.Debug|Any CPU.ActiveCfg = Debug|Any CPU
		{7903DADC-FBEF-4EAB-9081-477089E0613E}.Debug|Any CPU.Build.0 = Debug|Any CPU
		{7903DADC-FBEF-4EAB-9081-477089E0613E}.Release|Any CPU.ActiveCfg = Release|Any CPU
		{7903DADC-FBEF-4EAB-9081-477089E0613E}.Release|Any CPU.Build.0 = Release|Any CPU
		{832B55E8-DD92-4CBD-AEC7-C9774D25EA65}.Debug|Any CPU.ActiveCfg = Debug|Any CPU
		{832B55E8-DD92-4CBD-AEC7-C9774D25EA65}.Debug|Any CPU.Build.0 = Debug|Any CPU
		{832B55E8-DD92-4CBD-AEC7-C9774D25EA65}.Release|Any CPU.ActiveCfg = Release|Any CPU
		{832B55E8-DD92-4CBD-AEC7-C9774D25EA65}.Release|Any CPU.Build.0 = Release|Any CPU
		{997D5885-9E89-4C4B-923A-B9ADEDBB9151}.Debug|Any CPU.ActiveCfg = Debug|Any CPU
		{997D5885-9E89-4C4B-923A-B9ADEDBB9151}.Debug|Any CPU.Build.0 = Debug|Any CPU
		{997D5885-9E89-4C4B-923A-B9ADEDBB9151}.Release|Any CPU.ActiveCfg = Release|Any CPU
		{997D5885-9E89-4C4B-923A-B9ADEDBB9151}.Release|Any CPU.Build.0 = Release|Any CPU
		{9604647B-104B-494D-ABE8-27D509159A7D}.Debug|Any CPU.ActiveCfg = Debug|Any CPU
		{9604647B-104B-494D-ABE8-27D509159A7D}.Debug|Any CPU.Build.0 = Debug|Any CPU
		{9604647B-104B-494D-ABE8-27D509159A7D}.Release|Any CPU.ActiveCfg = Release|Any CPU
		{9604647B-104B-494D-ABE8-27D509159A7D}.Release|Any CPU.Build.0 = Release|Any CPU
	EndGlobalSection
	GlobalSection(SolutionProperties) = preSolution
		HideSolutionNode = FALSE
	EndGlobalSection
	GlobalSection(NestedProjects) = preSolution
		{04920C97-0E70-4FF9-A799-F9765F57E65E} = {81CFBC4F-A6E3-410F-97CB-EB3447B57B3D}
		{1093B771-4686-4620-909D-0996701F31CE} = {4792B90D-79F1-45D3-8D1C-840E8A433237}
		{79ACE8A1-D19F-4DC8-B84A-09321406875C} = {D9790171-5508-444B-A88B-44CF11AA3088}
		{0B69D1BB-1976-45A3-BC62-4B08B413B806} = {C9B5A931-C846-420B-865F-D1D6C3015E18}
		{3BC0CF0B-E49A-47A8-ADC6-21DC2E9AA999} = {0B69D1BB-1976-45A3-BC62-4B08B413B806}
		{3CDF0F29-7D7C-4207-9A46-C8BC76E12832} = {0B69D1BB-1976-45A3-BC62-4B08B413B806}
		{3DCDD3A8-701E-41B4-AE6F-7F6458FB29FF} = {0B69D1BB-1976-45A3-BC62-4B08B413B806}
		{BA91350D-562A-46A9-B005-AAA7F28CFCA5} = {0B69D1BB-1976-45A3-BC62-4B08B413B806}
		{7903DADC-FBEF-4EAB-9081-477089E0613E} = {3BC0CF0B-E49A-47A8-ADC6-21DC2E9AA999}
		{832B55E8-DD92-4CBD-AEC7-C9774D25EA65} = {3DCDD3A8-701E-41B4-AE6F-7F6458FB29FF}
		{997D5885-9E89-4C4B-923A-B9ADEDBB9151} = {BA91350D-562A-46A9-B005-AAA7F28CFCA5}
		{9604647B-104B-494D-ABE8-27D509159A7D} = {3CDF0F29-7D7C-4207-9A46-C8BC76E12832}
	EndGlobalSection
	GlobalSection(ExtensibilityGlobals) = postSolution
		SolutionGuid = {8E729EED-D6A6-4816-855C-BF1C5AF41001}
	EndGlobalSection
EndGlobal
